<?xml version="1.0" encoding="utf-8"?>
<Project ToolsVersion="4.0" xmlns="http://schemas.microsoft.com/developer/msbuild/2003">
  <ItemGroup>
    <Filter Include="Source Files">
      <UniqueIdentifier>{4FC737F1-C7A5-4376-A066-2A32D752A2FF}</UniqueIdentifier>
      <Extensions>cpp;c;cc;cxx;c++;cppm;ixx;def;odl;idl;hpj;bat;asm;asmx</Extensions>
    </Filter>
    <Filter Include="Header Files">
      <UniqueIdentifier>{93995380-89BD-4b04-88EB-625FBE52EBFB}</UniqueIdentifier>
      <Extensions>h;hh;hpp;hxx;h++;hm;inl;inc;ipp;xsd</Extensions>
    </Filter>
    <Filter Include="Resource Files">
      <UniqueIdentifier>{67DA6AB6-F800-4c08-8B7A-83BB121AAD01}</UniqueIdentifier>
      <Extensions>rc;ico;cur;bmp;dlg;rc2;rct;bin;rgs;gif;jpg;jpeg;jpe;resx;tiff;tif;png;wav;mfcribbon-ms</Extensions>
    </Filter>
  </ItemGroup>
  <ItemGroup>
    <ClCompile Include="ColdTableEngine\Game\main.cpp">
      <Filter>Source Files</Filter>
    </ClCompile>
    <ClCompile Include="ColdTableEngine\ColdTable\Source\ColdTable\Core\Base.cpp">
      <Filter>Source Files</Filter>
    </ClCompile>
    <ClCompile Include="ColdTableEngine\ColdTable\Source\ColdTable\Window\Win32\Win32Window.cpp">
      <Filter>Source Files</Filter>
    </ClCompile>
    <ClCompile Include="ColdTableEngine\ColdTable\Source\ColdTable\Game\GameLoop.cpp">
      <Filter>Source Files</Filter>
    </ClCompile>
    <ClCompile Include="ColdTableEngine\ColdTable\Source\ColdTable\Game\Win32\Win32Game.cpp">
      <Filter>Source Files</Filter>
    </ClCompile>
    <ClCompile Include="ColdTableEngine\ColdTable\Source\ColdTable\Graphics\GraphicsEngine.cpp">
      <Filter>Source Files</Filter>
    </ClCompile>
    <ClCompile Include="ColdTableEngine\ColdTable\Source\ColdTable\Graphics\GraphicsDevice.cpp">
      <Filter>Source Files</Filter>
    </ClCompile>
    <ClCompile Include="ColdTableEngine\ColdTable\Source\ColdTable\Core\Logger.cpp">
      <Filter>Source Files</Filter>
    </ClCompile>
    <ClCompile Include="ColdTableEngine\ColdTable\Source\ColdTable\Graphics\SwapChain.cpp">
      <Filter>Source Files</Filter>
    </ClCompile>
    <ClCompile Include="ColdTableEngine\ColdTable\Source\ColdTable\Game\Display.cpp">
      <Filter>Source Files</Filter>
    </ClCompile>
    <ClCompile Include="ColdTableEngine\ColdTable\Source\ColdTable\Graphics\DeviceContext.cpp">
      <Filter>Source Files</Filter>
    </ClCompile>
    <ClCompile Include="ColdTableEngine\ColdTable\Source\ColdTable\Graphics\VertexBuffer.cpp">
      <Filter>Source Files</Filter>
    </ClCompile>
    <ClCompile Include="ColdTableEngine\ColdTable\Source\ColdTable\Graphics\EngineShader.cpp">
      <Filter>Source Files</Filter>
    </ClCompile>
    <ClCompile Include="ColdTableEngine\ColdTable\Source\ColdTable\Graphics\ConstantBuffer.cpp">
      <Filter>Source Files</Filter>
    </ClCompile>
    <ClCompile Include="ColdTableEngine\ColdTable\Source\ColdTable\Graphics\Renderables\Renderable.cpp">
      <Filter>Source Files</Filter>
    </ClCompile>
    <ClCompile Include="ColdTableEngine\ColdTable\Source\ColdTable\Graphics\Renderables\Quad.cpp">
      <Filter>Source Files</Filter>
    </ClCompile>
    <ClCompile Include="ColdTableEngine\ColdTable\Source\ColdTable\ECS\GameObjects\GameObject.cpp">
      <Filter>Source Files</Filter>
    </ClCompile>
    <ClCompile Include="ColdTableEngine\ColdTable\Source\ColdTable\ECS\Components\Component.cpp">
      <Filter>Source Files</Filter>
    </ClCompile>
    <ClCompile Include="ColdTableEngine\ColdTable\Source\ColdTable\ECS\ECSEngine.cpp">
      <Filter>Source Files</Filter>
    </ClCompile>
    <ClCompile Include="ColdTableEngine\ColdTable\Source\ColdTable\ECS\GameSystems\GameSystem.cpp">
      <Filter>Source Files</Filter>
    </ClCompile>
    <ClCompile Include="ColdTableEngine\ColdTable\Source\ColdTable\Utility\ComputeShader.cpp">
      <Filter>Source Files</Filter>
    </ClCompile>
    <ClCompile Include="ColdTableEngine\ColdTable\Source\ColdTable\Game\EngineTime.cpp">
      <Filter>Source Files</Filter>
    </ClCompile>
    <ClCompile Include="ColdTableEngine\ColdTable\Source\ColdTable\Graphics\Camera.cpp">
      <Filter>Source Files</Filter>
    </ClCompile>
    <ClCompile Include="ColdTableEngine\ColdTable\Source\ColdTable\Math\Vec4.cpp">
      <Filter>Source Files</Filter>
    </ClCompile>
    <ClCompile Include="ColdTableEngine\ColdTable\Source\ColdTable\Math\Mat4.cpp">
      <Filter>Source Files</Filter>
    </ClCompile>
    <ClCompile Include="ColdTableEngine\ColdTable\Source\ColdTable\Math\Vec3.cpp">
      <Filter>Source Files</Filter>
    </ClCompile>
    <ClCompile Include="ColdTableEngine\ColdTable\Source\ColdTable\Graphics\IndexBuffer.cpp">
      <Filter>Source Files</Filter>
    </ClCompile>
    <ClCompile Include="ColdTableEngine\ColdTable\Source\ColdTable\Math\Quaternion.cpp">
      <Filter>Source Files</Filter>
    </ClCompile>
    <ClCompile Include="ColdTableEngine\ColdTable\Source\ColdTable\Graphics\Renderables\Cube.cpp">
      <Filter>Source Files</Filter>
    </ClCompile>
    <ClCompile Include="ColdTableEngine\ColdTable\Source\ColdTable\Utility\Utils.cpp">
      <Filter>Source Files</Filter>
    </ClCompile>
    <ClCompile Include="ColdTableEngine\ColdTable\Source\ColdTable\Math\Vec2.cpp">
      <Filter>Source Files</Filter>
    </ClCompile>
    <ClCompile Include="ColdTableEngine\ColdTable\Source\ColdTable\Input\IInputListener.cpp">
      <Filter>Source Files</Filter>
    </ClCompile>
    <ClCompile Include="ColdTableEngine\ColdTable\Source\ColdTable\Input\InputSystem.cpp">
      <Filter>Source Files</Filter>
    </ClCompile>
    <ClCompile Include="ColdTableEngine\ColdTable\Source\ColdTable\Resource\ResourceManager.cpp">
      <Filter>Source Files</Filter>
    </ClCompile>
    <ClCompile Include="ColdTableEngine\ColdTable\Source\ColdTable\Resource\Resource.cpp">
      <Filter>Source Files</Filter>
    </ClCompile>
    <ClCompile Include="ColdTableEngine\ColdTable\Source\ColdTable\Resource\Texture\TextureManager.cpp">
      <Filter>Source Files</Filter>
    </ClCompile>
    <ClCompile Include="ColdTableEngine\ColdTable\Source\ColdTable\Resource\Texture\Texture.cpp">
      <Filter>Source Files</Filter>
    </ClCompile>
    <ClCompile Include="ColdTableEngine\ColdTable\Source\ColdTable\Resource\Material\Material.cpp">
      <Filter>Source Files</Filter>
    </ClCompile>
    <ClCompile Include="ColdTableEngine\ColdTable\Source\ColdTable\Lighting\LightSource.cpp">
      <Filter>Source Files</Filter>
    </ClCompile>
    <ClCompile Include="ColdTableEngine\ColdTable\Source\ColdTable\Lighting\DirectionalLight.cpp">
      <Filter>Source Files</Filter>
    </ClCompile>
    <ClCompile Include="ColdTableEngine\ColdTable\Source\ColdTable\Lighting\SpotLight.cpp">
      <Filter>Source Files</Filter>
    </ClCompile>
    <ClCompile Include="ColdTableEngine\ColdTable\Source\ColdTable\Lighting\PointLight.cpp">
      <Filter>Source Files</Filter>
    </ClCompile>
    <ClCompile Include="ColdTableEngine\ColdTable\Source\ColdTable\Resource\Mesh\MeshManager.cpp">
      <Filter>Source Files</Filter>
    </ClCompile>
    <ClCompile Include="ColdTableEngine\ColdTable\Source\ColdTable\Resource\Mesh\Mesh.cpp">
      <Filter>Source Files</Filter>
    </ClCompile>
    <ClCompile Include="ColdTableEngine\ColdTable\Source\DearImGUI\imgui.cpp">
      <Filter>Source Files</Filter>
    </ClCompile>
    <ClCompile Include="ColdTableEngine\ColdTable\Source\DearImGUI\imgui_demo.cpp">
      <Filter>Source Files</Filter>
    </ClCompile>
    <ClCompile Include="ColdTableEngine\ColdTable\Source\DearImGUI\imgui_draw.cpp">
      <Filter>Source Files</Filter>
    </ClCompile>
    <ClCompile Include="ColdTableEngine\ColdTable\Source\DearImGUI\imgui_impl_dx11.cpp">
      <Filter>Source Files</Filter>
    </ClCompile>
    <ClCompile Include="ColdTableEngine\ColdTable\Source\DearImGUI\imgui_impl_win32.cpp">
      <Filter>Source Files</Filter>
    </ClCompile>
    <ClCompile Include="ColdTableEngine\ColdTable\Source\DearImGUI\imgui_tables.cpp">
      <Filter>Source Files</Filter>
    </ClCompile>
    <ClCompile Include="ColdTableEngine\ColdTable\Source\DearImGUI\imgui_widgets.cpp">
      <Filter>Source Files</Filter>
    </ClCompile>
    <ClCompile Include="ColdTableEngine\ColdTable\Source\ColdTable\Math\Ray.cpp">
      <Filter>Source Files</Filter>
    </ClCompile>
    <ClCompile Include="ColdTableEngine\ColdTable\Source\ColdTable\Graphics\ShaderLibrary.cpp">
      <Filter>Source Files</Filter>
    </ClCompile>
    <ClCompile Include="ColdTableEngine\ColdTable\Source\ColdTable\Editor\EditorUIManager.cpp">
      <Filter>Source Files</Filter>
    </ClCompile>
    <ClCompile Include="ColdTableEngine\ColdTable\Source\ColdTable\Editor\IEditorPickable.cpp">
      <Filter>Source Files</Filter>
    </ClCompile>
    <ClCompile Include="ColdTableEngine\ColdTable\Source\ColdTable\Editor\VertexObject.cpp">
      <Filter>Source Files</Filter>
    </ClCompile>
    <ClCompile Include="ColdTableEngine\ColdTable\Source\ColdTable\Editor\UIScreens\AboutScreen.cpp">
      <Filter>Source Files</Filter>
    </ClCompile>
    <ClCompile Include="ColdTableEngine\ColdTable\Source\ColdTable\Editor\UIScreens\ColorPicker.cpp">
      <Filter>Source Files</Filter>
    </ClCompile>
    <ClCompile Include="ColdTableEngine\ColdTable\Source\ColdTable\Editor\UIScreens\DemoScreen.cpp">
      <Filter>Source Files</Filter>
    </ClCompile>
    <ClCompile Include="ColdTableEngine\ColdTable\Source\ColdTable\Editor\UIScreens\IUIScreen.cpp">
      <Filter>Source Files</Filter>
    </ClCompile>
    <ClCompile Include="ColdTableEngine\ColdTable\Source\ColdTable\ECS\GameObjects\GameObjectManager.cpp">
      <Filter>Source Files</Filter>
    </ClCompile>
    <ClCompile Include="ColdTableEngine\ColdTable\Source\ColdTable\ECS\Components\Transform.cpp">
      <Filter>Source Files</Filter>
    </ClCompile>
    <ClCompile Include="ColdTableEngine\ColdTable\Source\ColdTable\Editor\UIScreens\HierarchyScreen.cpp">
      <Filter>Source Files</Filter>
    </ClCompile>
    <ClCompile Include="ColdTableEngine\ColdTable\Source\ColdTable\Editor\UIScreens\InspectorScreen.cpp">
      <Filter>Source Files</Filter>
    </ClCompile>
    <ClCompile Include="ColdTableEngine\ColdTable\Source\ColdTable\Editor\UIScreens\MainMenuUI.cpp">
      <Filter>Source Files</Filter>
    </ClCompile>
    <ClCompile Include="ColdTableEngine\ColdTable\Source\ColdTable\Editor\EdgeObject.cpp">
      <Filter>Source Files</Filter>
    </ClCompile>
    <ClCompile Include="ColdTableEngine\ColdTable\Source\ColdTable\Editor\FaceObject.cpp">
      <Filter>Source Files</Filter>
    </ClCompile>
    <ClCompile Include="ColdTableEngine\ColdTable\Source\ColdTable\Editor\UIScreens\SelectorTypeScreen.cpp">
      <Filter>Source Files</Filter>
    </ClCompile>
    <ClCompile Include="ColdTableEngine\ColdTable\Source\ColdTable\Editor\UIScreens\SpawnCylinderScreen.cpp">
      <Filter>Source Files</Filter>
    </ClCompile>
    <ClCompile Include="ColdTableEngine\ColdTable\Source\ColdTable\Editor\UIScreens\SpawnStairsScreen.cpp">
      <Filter>Source Files</Filter>
    </ClCompile>
    <ClCompile Include="ColdTableEngine\ColdTable\Source\ColdTable\Graphics\Renderables\Stair.cpp">
      <Filter>Source Files</Filter>
    </ClCompile>
    <ClCompile Include="ColdTableEngine\ColdTable\Source\ColdTable\Graphics\Renderables\Cylinder.cpp">
      <Filter>Source Files</Filter>
    </ClCompile>
    <ClCompile Include="ColdTableEngine\ColdTable\Source\ColdTable\ECS\GameSystems\DebugBlurbSystem.cpp">
      <Filter>Source Files</Filter>
    </ClCompile>
    <ClCompile Include="ColdTableEngine\ColdTable\Source\ColdTable\ECS\Components\DebugBlurbComponent.cpp">
      <Filter>Source Files</Filter>
    </ClCompile>
    <ClCompile Include="ColdTableEngine\ColdTable\Source\ColdTable\ECS\GameSystems\PhysicsSystem.cpp">
      <Filter>Source Files</Filter>
    </ClCompile>
    <ClCompile Include="ColdTableEngine\ColdTable\Source\ColdTable\ECS\Components\PhysicsComponent.cpp">
      <Filter>Source Files</Filter>
    </ClCompile>
    <ClCompile Include="ColdTableEngine\ColdTable\Source\ColdTable\Editor\UIScreens\ScenePlayScreen.cpp">
      <Filter>Source Files</Filter>
    </ClCompile>
  </ItemGroup>
  <ItemGroup>
    <ClInclude Include="ColdTableEngine\ColdTable\Include\ColdTable\Core\Base.h">
      <Filter>Header Files</Filter>
    </ClInclude>
    <ClInclude Include="ColdTableEngine\ColdTable\Include\ColdTable\Window\Window.h">
      <Filter>Header Files</Filter>
    </ClInclude>
    <ClInclude Include="ColdTableEngine\ColdTable\Include\ColdTable\Game\GameLoop.h">
      <Filter>Header Files</Filter>
    </ClInclude>
    <ClInclude Include="ColdTableEngine\ColdTable\Include\ColdTable\Core\Core.h">
      <Filter>Header Files</Filter>
    </ClInclude>
    <ClInclude Include="ColdTableEngine\ColdTable\Include\ColdTable\All.h">
      <Filter>Header Files</Filter>
    </ClInclude>
    <ClInclude Include="ColdTableEngine\ColdTable\Source\ColdTable\Graphics\GraphicsEngine.h">
      <Filter>Header Files</Filter>
    </ClInclude>
    <ClInclude Include="ColdTableEngine\ColdTable\Source\ColdTable\Graphics\GraphicsDevice.h">
      <Filter>Header Files</Filter>
    </ClInclude>
    <ClInclude Include="ColdTableEngine\ColdTable\Include\ColdTable\Core\Logger.h">
      <Filter>Header Files</Filter>
    </ClInclude>
    <ClInclude Include="ColdTableEngine\ColdTable\Include\ColdTable\Core\Common.h">
      <Filter>Header Files</Filter>
    </ClInclude>
    <ClInclude Include="ColdTableEngine\ColdTable\Source\ColdTable\Graphics\GraphicsLogUtil.h">
      <Filter>Header Files</Filter>
    </ClInclude>
    <ClInclude Include="ColdTableEngine\ColdTable\Source\ColdTable\Graphics\SwapChain.h">
      <Filter>Header Files</Filter>
    </ClInclude>
    <ClInclude Include="ColdTableEngine\ColdTable\Source\ColdTable\Graphics\GraphicsResource.h">
      <Filter>Header Files</Filter>
    </ClInclude>
    <ClInclude Include="ColdTableEngine\ColdTable\Include\ColdTable\Math\Rect.h">
      <Filter>Header Files</Filter>
    </ClInclude>
    <ClInclude Include="ColdTableEngine\ColdTable\Include\ColdTable\Game\Display.h">
      <Filter>Header Files</Filter>
    </ClInclude>
    <ClInclude Include="ColdTableEngine\ColdTable\Source\ColdTable\Graphics\DeviceContext.h">
      <Filter>Header Files</Filter>
    </ClInclude>
    <ClInclude Include="ColdTableEngine\ColdTable\Include\ColdTable\Math\Vec4.h">
      <Filter>Header Files</Filter>
    </ClInclude>
    <ClInclude Include="ColdTableEngine\ColdTable\Source\ColdTable\Graphics\VertexBuffer.h">
      <Filter>Header Files</Filter>
    </ClInclude>
    <ClInclude Include="ColdTableEngine\ColdTable\Include\ColdTable\Math\Vertex.h">
      <Filter>Header Files</Filter>
    </ClInclude>
    <ClInclude Include="ColdTableEngine\ColdTable\Include\ColdTable\Math\Vec3.h">
      <Filter>Header Files</Filter>
    </ClInclude>
    <ClInclude Include="ColdTableEngine\ColdTable\Source\ColdTable\Graphics\EngineShader.h">
      <Filter>Header Files</Filter>
    </ClInclude>
    <ClInclude Include="ColdTableEngine\ColdTable\Source\ColdTable\Graphics\ConstantBuffer.h">
      <Filter>Header Files</Filter>
    </ClInclude>
    <ClInclude Include="ColdTableEngine\ColdTable\Source\ColdTable\Graphics\Renderables\Renderable.h">
      <Filter>Header Files</Filter>
    </ClInclude>
    <ClInclude Include="ColdTableEngine\ColdTable\Source\ColdTable\Graphics\GraphicsEnums.h">
      <Filter>Header Files</Filter>
    </ClInclude>
    <ClInclude Include="ColdTableEngine\ColdTable\Source\ColdTable\Graphics\Renderables\Quad.h">
      <Filter>Header Files</Filter>
    </ClInclude>
    <ClInclude Include="ColdTableEngine\ColdTable\Source\ColdTable\ECS\GameObjects\GameObject.h">
      <Filter>Header Files</Filter>
    </ClInclude>
    <ClInclude Include="ColdTableEngine\ColdTable\Source\ColdTable\ECS\Components\Component.h">
      <Filter>Header Files</Filter>
    </ClInclude>
    <ClInclude Include="ColdTableEngine\ColdTable\Source\ColdTable\ECS\ECSEngine.h">
      <Filter>Header Files</Filter>
    </ClInclude>
    <ClInclude Include="ColdTableEngine\ColdTable\Source\ColdTable\ECS\GameSystems\GameSystem.h">
      <Filter>Header Files</Filter>
    </ClInclude>
    <ClInclude Include="ColdTableEngine\ColdTable\Source\ColdTable\Utility\ComputeShader.h">
      <Filter>Header Files</Filter>
    </ClInclude>
    <ClInclude Include="ColdTableEngine\ColdTable\Include\ColdTable\Game\EngineTime.h">
      <Filter>Header Files</Filter>
    </ClInclude>
    <ClInclude Include="ColdTableEngine\ColdTable\Include\ColdTable\Math\Mat4.h">
      <Filter>Header Files</Filter>
    </ClInclude>
    <ClInclude Include="ColdTableEngine\ColdTable\Source\ColdTable\Graphics\Camera.h">
      <Filter>Header Files</Filter>
    </ClInclude>
    <ClInclude Include="ColdTableEngine\ColdTable\Include\ColdTable\Math\Quaternion.h">
      <Filter>Header Files</Filter>
    </ClInclude>
    <ClInclude Include="ColdTableEngine\ColdTable\Source\ColdTable\Graphics\IndexBuffer.h">
      <Filter>Header Files</Filter>
    </ClInclude>
    <ClInclude Include="ColdTableEngine\ColdTable\Source\ColdTable\Graphics\Renderables\Cube.h">
      <Filter>Header Files</Filter>
    </ClInclude>
    <ClInclude Include="ColdTableEngine\ColdTable\Include\ColdTable\Utility\Utils.h">
      <Filter>Header Files</Filter>
    </ClInclude>
    <ClInclude Include="ColdTableEngine\ColdTable\Include\ColdTable\Math\Vec2.h">
      <Filter>Header Files</Filter>
    </ClInclude>
    <ClInclude Include="ColdTableEngine\ColdTable\Include\ColdTable\Input\IInputListener.h">
      <Filter>Header Files</Filter>
    </ClInclude>
    <ClInclude Include="ColdTableEngine\ColdTable\Source\ColdTable\Input\InputSystem.h">
      <Filter>Header Files</Filter>
    </ClInclude>
    <ClInclude Include="ColdTableEngine\ColdTable\Source\ColdTable\Resource\ResourceManager.h">
      <Filter>Header Files</Filter>
    </ClInclude>
    <ClInclude Include="ColdTableEngine\ColdTable\Source\ColdTable\Resource\Resource.h">
      <Filter>Header Files</Filter>
    </ClInclude>
    <ClInclude Include="ColdTableEngine\ColdTable\Source\ColdTable\Resource\Texture\TextureManager.h">
      <Filter>Header Files</Filter>
    </ClInclude>
    <ClInclude Include="ColdTableEngine\ColdTable\Source\ColdTable\Resource\Texture\Texture.h">
      <Filter>Header Files</Filter>
    </ClInclude>
    <ClInclude Include="ColdTableEngine\ColdTable\Source\ColdTable\Resource\Material\Material.h">
      <Filter>Header Files</Filter>
    </ClInclude>
    <ClInclude Include="ColdTableEngine\ColdTable\Source\ColdTable\Lighting\LightSource.h">
      <Filter>Header Files</Filter>
    </ClInclude>
    <ClInclude Include="ColdTableEngine\ColdTable\Source\ColdTable\Lighting\DirectionalLight.h">
      <Filter>Header Files</Filter>
    </ClInclude>
    <ClInclude Include="ColdTableEngine\ColdTable\Source\ColdTable\Lighting\SpotLight.h">
      <Filter>Header Files</Filter>
    </ClInclude>
    <ClInclude Include="ColdTableEngine\ColdTable\Source\ColdTable\Lighting\PointLight.h">
      <Filter>Header Files</Filter>
    </ClInclude>
    <ClInclude Include="ColdTableEngine\ColdTable\Source\ColdTable\Resource\Mesh\MeshManager.h">
      <Filter>Header Files</Filter>
    </ClInclude>
    <ClInclude Include="ColdTableEngine\ColdTable\Source\ColdTable\Resource\Mesh\Mesh.h">
      <Filter>Header Files</Filter>
    </ClInclude>
    <ClInclude Include="ColdTableEngine\ColdTable\Source\DearImGUI\imconfig.h">
      <Filter>Header Files</Filter>
    </ClInclude>
    <ClInclude Include="ColdTableEngine\ColdTable\Source\DearImGUI\imgui.h">
      <Filter>Header Files</Filter>
    </ClInclude>
    <ClInclude Include="ColdTableEngine\ColdTable\Source\DearImGUI\imgui_impl_dx11.h">
      <Filter>Header Files</Filter>
    </ClInclude>
    <ClInclude Include="ColdTableEngine\ColdTable\Source\DearImGUI\imgui_impl_win32.h">
      <Filter>Header Files</Filter>
    </ClInclude>
    <ClInclude Include="ColdTableEngine\ColdTable\Source\DearImGUI\imgui_internal.h">
      <Filter>Header Files</Filter>
    </ClInclude>
    <ClInclude Include="ColdTableEngine\ColdTable\Source\DearImGUI\imstb_rectpack.h">
      <Filter>Header Files</Filter>
    </ClInclude>
    <ClInclude Include="ColdTableEngine\ColdTable\Source\DearImGUI\imstb_textedit.h">
      <Filter>Header Files</Filter>
    </ClInclude>
    <ClInclude Include="ColdTableEngine\ColdTable\Source\DearImGUI\imstb_truetype.h">
      <Filter>Header Files</Filter>
    </ClInclude>
    <ClInclude Include="ColdTableEngine\ColdTable\Include\ColdTable\Math\Ray.h">
      <Filter>Header Files</Filter>
    </ClInclude>
    <ClInclude Include="ColdTableEngine\ColdTable\Source\ColdTable\Graphics\ShaderLibrary.h">
      <Filter>Header Files</Filter>
    </ClInclude>
    <ClInclude Include="ColdTableEngine\ColdTable\Source\ColdTable\Editor\EditorUIManager.h">
      <Filter>Header Files</Filter>
    </ClInclude>
    <ClInclude Include="ColdTableEngine\ColdTable\Source\ColdTable\Editor\IEditorPickable.h">
      <Filter>Header Files</Filter>
    </ClInclude>
    <ClInclude Include="ColdTableEngine\ColdTable\Source\ColdTable\Editor\VertexObject.h">
      <Filter>Header Files</Filter>
    </ClInclude>
    <ClInclude Include="ColdTableEngine\ColdTable\Source\ColdTable\Editor\UIScreens\IUIScreen.h">
      <Filter>Header Files</Filter>
    </ClInclude>
    <ClInclude Include="ColdTableEngine\ColdTable\Source\ColdTable\Editor\UIScreens\AboutScreen.h">
      <Filter>Header Files</Filter>
    </ClInclude>
    <ClInclude Include="ColdTableEngine\ColdTable\Source\ColdTable\Editor\UIScreens\ColorPicker.h">
      <Filter>Header Files</Filter>
    </ClInclude>
    <ClInclude Include="ColdTableEngine\ColdTable\Source\ColdTable\Editor\UIScreens\DemoScreen.h">
      <Filter>Header Files</Filter>
    </ClInclude>
    <ClInclude Include="ColdTableEngine\ColdTable\Source\ColdTable\ECS\GameObjects\GameObjectManager.h">
      <Filter>Header Files</Filter>
    </ClInclude>
    <ClInclude Include="ColdTableEngine\ColdTable\Source\ColdTable\ECS\Components\Transform.h">
      <Filter>Header Files</Filter>
    </ClInclude>
    <ClInclude Include="ColdTableEngine\ColdTable\Source\ColdTable\Editor\UIScreens\HierarchyScreen.h">
      <Filter>Header Files</Filter>
    </ClInclude>
    <ClInclude Include="ColdTableEngine\ColdTable\Source\ColdTable\Editor\UIScreens\InspectorScreen.h">
      <Filter>Header Files</Filter>
    </ClInclude>
    <ClInclude Include="ColdTableEngine\ColdTable\Source\ColdTable\Editor\UIScreens\MainMenuUI.h">
      <Filter>Header Files</Filter>
    </ClInclude>
    <ClInclude Include="ColdTableEngine\ColdTable\Source\ColdTable\Editor\EdgeObject.h">
      <Filter>Header Files</Filter>
    </ClInclude>
    <ClInclude Include="ColdTableEngine\ColdTable\Source\ColdTable\Editor\FaceObject.h">
      <Filter>Header Files</Filter>
    </ClInclude>
    <ClInclude Include="ColdTableEngine\ColdTable\Source\ColdTable\Editor\UIScreens\SelectorTypeScreen.h">
      <Filter>Header Files</Filter>
    </ClInclude>
    <ClInclude Include="ColdTableEngine\ColdTable\Source\ColdTable\Editor\UIScreens\SpawnCylinderScreen.h">
      <Filter>Header Files</Filter>
    </ClInclude>
    <ClInclude Include="ColdTableEngine\ColdTable\Source\ColdTable\Editor\UIScreens\SpawnStairsScreen.h">
      <Filter>Header Files</Filter>
    </ClInclude>
    <ClInclude Include="ColdTableEngine\ColdTable\Source\ColdTable\Graphics\Renderables\Stair.h">
      <Filter>Header Files</Filter>
    </ClInclude>
    <ClInclude Include="ColdTableEngine\ColdTable\Source\ColdTable\Graphics\Renderables\Cylinder.h">
      <Filter>Header Files</Filter>
    </ClInclude>
    <ClInclude Include="ColdTableEngine\ColdTable\Source\ColdTable\ECS\GameSystems\DebugBlurbSystem.h">
      <Filter>Header Files</Filter>
    </ClInclude>
    <ClInclude Include="ColdTableEngine\ColdTable\Source\ColdTable\ECS\Components\DebugBlurbComponent.h">
      <Filter>Header Files</Filter>
    </ClInclude>
    <ClInclude Include="ColdTableEngine\ColdTable\Source\ColdTable\ECS\GameSystems\PhysicsSystem.h">
      <Filter>Header Files</Filter>
    </ClInclude>
    <ClInclude Include="ColdTableEngine\ColdTable\Source\ColdTable\ECS\Components\PhysicsComponent.h">
      <Filter>Header Files</Filter>
    </ClInclude>
    <ClInclude Include="ColdTableEngine\ColdTable\Source\ColdTable\Editor\UIScreens\ScenePlayScreen.h">
      <Filter>Header Files</Filter>
    </ClInclude>
  </ItemGroup>
</Project>